
Microsoft Visual Studio Solution File, Format Version 12.00
# Visual Studio Version 16
VisualStudioVersion = 16.0.31702.278
MinimumVisualStudioVersion = 10.0.40219.1
Project("{FAE04EC0-301F-11D3-BF4B-00C04F79EFBC}") = "MentItemListing", "MentItemListing.csproj", "{81CA5F80-A994-447A-9806-A8FCDB82358A}"
EndProject
Global
	GlobalSection(SolutionConfigurationPlatforms) = preSolution
		Debug|Any CPU = Debug|Any CPU
		Release|Any CPU = Release|Any CPU
	EndGlobalSection
	GlobalSection(ProjectConfigurationPlatforms) = postSolution
		{81CA5F80-A994-447A-9806-A8FCDB82358A}.Debug|Any CPU.ActiveCfg = Debug|Any CPU
		{81CA5F80-A994-447A-9806-A8FCDB82358A}.Debug|Any CPU.Build.0 = Debug|Any CPU
		{81CA5F80-A994-447A-9806-A8FCDB82358A}.Release|Any CPU.ActiveCfg = Release|Any CPU
		{81CA5F80-A994-447A-9806-A8FCDB82358A}.Release|Any CPU.Build.0 = Release|Any CPU
	EndGlobalSection
	GlobalSection(SolutionProperties) = preSolution
		HideSolutionNode = FALSE
	EndGlobalSection
	GlobalSection(ExtensibilityGlobals) = postSolution
		SolutionGuid = {D8B923EC-326E-464A-8E8B-058D852BB738}
	EndGlobalSection
EndGlobal
